
Microsoft Visual Studio Solution File, Format Version 12.00
# Visual Studio 2012
Project("{FAE04EC0-301F-11D3-BF4B-00C04F79EFBC}") = "ReasonCodeExample.XPathInformation", "ReasonCodeExample.XPathInformation\ReasonCodeExample.XPathInformation.csproj", "{19883877-2B18-4AFA-9EB0-CD5D1F0726B1}"
EndProject
Project("{FAE04EC0-301F-11D3-BF4B-00C04F79EFBC}") = "ReasonCodeExample.XPathInformation.Tests", "ReasonCodeExample.XPathInformation.Tests\ReasonCodeExample.XPathInformation.Tests.csproj", "{31C7482E-5ED4-4FB4-96D9-64E0BBB63FF8}"
EndProject
Project("{FAE04EC0-301F-11D3-BF4B-00C04F79EFBC}") = "ReasonCodeExample.XPathInformation.Commands", "ReasonCodeExample.XPathInformation.Commands\ReasonCodeExample.XPathInformation.Commands.csproj", "{A4618042-3ECA-4FEB-99F3-3E80164B4DFC}"
EndProject
Global
	GlobalSection(SolutionConfigurationPlatforms) = preSolution
		Debug|Any CPU = Debug|Any CPU
		Release|Any CPU = Release|Any CPU
	EndGlobalSection
	GlobalSection(ProjectConfigurationPlatforms) = postSolution
		{19883877-2B18-4AFA-9EB0-CD5D1F0726B1}.Debug|Any CPU.ActiveCfg = Debug|Any CPU
		{19883877-2B18-4AFA-9EB0-CD5D1F0726B1}.Debug|Any CPU.Build.0 = Debug|Any CPU
		{19883877-2B18-4AFA-9EB0-CD5D1F0726B1}.Release|Any CPU.ActiveCfg = Release|Any CPU
		{19883877-2B18-4AFA-9EB0-CD5D1F0726B1}.Release|Any CPU.Build.0 = Release|Any CPU
		{31C7482E-5ED4-4FB4-96D9-64E0BBB63FF8}.Debug|Any CPU.ActiveCfg = Debug|Any CPU
		{31C7482E-5ED4-4FB4-96D9-64E0BBB63FF8}.Debug|Any CPU.Build.0 = Debug|Any CPU
		{31C7482E-5ED4-4FB4-96D9-64E0BBB63FF8}.Release|Any CPU.ActiveCfg = Release|Any CPU
		{31C7482E-5ED4-4FB4-96D9-64E0BBB63FF8}.Release|Any CPU.Build.0 = Release|Any CPU
		{A4618042-3ECA-4FEB-99F3-3E80164B4DFC}.Debug|Any CPU.ActiveCfg = Debug|Any CPU
		{A4618042-3ECA-4FEB-99F3-3E80164B4DFC}.Debug|Any CPU.Build.0 = Debug|Any CPU
		{A4618042-3ECA-4FEB-99F3-3E80164B4DFC}.Release|Any CPU.ActiveCfg = Release|Any CPU
		{A4618042-3ECA-4FEB-99F3-3E80164B4DFC}.Release|Any CPU.Build.0 = Release|Any CPU
	EndGlobalSection
	GlobalSection(SolutionProperties) = preSolution
		HideSolutionNode = FALSE
	EndGlobalSection
EndGlobal
